
Microsoft Visual Studio Solution File, Format Version 12.00
# Visual Studio 2013
VisualStudioVersion = 12.0.21005.1
MinimumVisualStudioVersion = 10.0.40219.1
Project("{8BC9CEB8-8B4A-11D0-8D11-00A0C91BC942}") = "demo", "vcprojs\demo.vcxproj", "{FADCD7E1-8071-4F1C-8071-C469569C3B56}"
EndProject
Project("{8BC9CEB8-8B4A-11D0-8D11-00A0C91BC942}") = "libeasypr", "vcprojs\libeasypr.vcxproj", "{2791E339-04FB-44EF-9F92-C90131FE7772}"
EndProject
Project("{2150E333-8FDC-42A3-9474-1A3956D46DE8}") = "Solution Items", "Solution Items", "{FA4945DA-3C0F-44C5-90DF-A492614B8B4D}"
	ProjectSection(SolutionItems) = preProject
		Usage.md = Usage.md
	EndProjectSection
EndProject
Global
	GlobalSection(SolutionConfigurationPlatforms) = preSolution
		Debug|Win32 = Debug|Win32
		Debug|x64 = Debug|x64
		Release|Win32 = Release|Win32
		Release|x64 = Release|x64
	EndGlobalSection
	GlobalSection(ProjectConfigurationPlatforms) = postSolution
		{FADCD7E1-8071-4F1C-8071-C469569C3B56}.Debug|Win32.ActiveCfg = Debug|Win32
		{FADCD7E1-8071-4F1C-8071-C469569C3B56}.Debug|Win32.Build.0 = Debug|Win32
		{FADCD7E1-8071-4F1C-8071-C469569C3B56}.Debug|x64.ActiveCfg = Debug|x64
		{FADCD7E1-8071-4F1C-8071-C469569C3B56}.Debug|x64.Build.0 = Debug|x64
		{FADCD7E1-8071-4F1C-8071-C469569C3B56}.Release|Win32.ActiveCfg = Release|Win32
		{FADCD7E1-8071-4F1C-8071-C469569C3B56}.Release|Win32.Build.0 = Release|Win32
		{FADCD7E1-8071-4F1C-8071-C469569C3B56}.Release|x64.ActiveCfg = Release|x64
		{FADCD7E1-8071-4F1C-8071-C469569C3B56}.Release|x64.Build.0 = Release|x64
		{2791E339-04FB-44EF-9F92-C90131FE7772}.Debug|Win32.ActiveCfg = Debug|Win32
		{2791E339-04FB-44EF-9F92-C90131FE7772}.Debug|Win32.Build.0 = Debug|Win32
		{2791E339-04FB-44EF-9F92-C90131FE7772}.Debug|x64.ActiveCfg = Debug|x64
		{2791E339-04FB-44EF-9F92-C90131FE7772}.Debug|x64.Build.0 = Debug|x64
		{2791E339-04FB-44EF-9F92-C90131FE7772}.Release|Win32.ActiveCfg = Release|Win32
		{2791E339-04FB-44EF-9F92-C90131FE7772}.Release|Win32.Build.0 = Release|Win32
		{2791E339-04FB-44EF-9F92-C90131FE7772}.Release|x64.ActiveCfg = Release|x64
		{2791E339-04FB-44EF-9F92-C90131FE7772}.Release|x64.Build.0 = Release|x64
	EndGlobalSection
	GlobalSection(SolutionProperties) = preSolution
		HideSolutionNode = FALSE
	EndGlobalSection
EndGlobal
