<?xml version="1.0" encoding="utf-8"?>
<Project ToolsVersion="4.0" xmlns="http://schemas.microsoft.com/developer/msbuild/2003">
  <ItemGroup>
    <Filter Include="Source Files">
      <UniqueIdentifier>{4FC737F1-C7A5-4376-A066-2A32D752A2FF}</UniqueIdentifier>
      <Extensions>cpp;c;cc;cxx;def;odl;idl;hpj;bat;asm;asmx</Extensions>
    </Filter>
    <Filter Include="Header Files">
      <UniqueIdentifier>{93995380-89BD-4b04-88EB-625FBE52EBFB}</UniqueIdentifier>
      <Extensions>h;hpp;hxx;hm;inl;inc;xsd</Extensions>
    </Filter>
    <Filter Include="Resource Files">
      <UniqueIdentifier>{67DA6AB6-F800-4c08-8B7A-83BB121AAD01}</UniqueIdentifier>
      <Extensions>rc;ico;cur;bmp;dlg;rc2;rct;bin;rgs;gif;jpg;jpeg;jpe;resx;tiff;tif;png;wav</Extensions>
    </Filter>
  </ItemGroup>
  <ItemGroup>
    <ClCompile Include="src\main.cpp">
      <Filter>Source Files</Filter>
    </ClCompile>
    <ClCompile Include="src\core\chars_identify.cpp">
      <Filter>Source Files</Filter>
    </ClCompile>
    <ClCompile Include="src\core\chars_recognise.cpp">
      <Filter>Source Files</Filter>
    </ClCompile>
    <ClCompile Include="src\core\chars_segment.cpp">
      <Filter>Source Files</Filter>
    </ClCompile>
    <ClCompile Include="src\core\core_func.cpp">
      <Filter>Source Files</Filter>
    </ClCompile>
    <ClCompile Include="src\core\feature.cpp">
      <Filter>Source Files</Filter>
    </ClCompile>
    <ClCompile Include="src\core\plate.cpp">
      <Filter>Source Files</Filter>
    </ClCompile>
    <ClCompile Include="src\core\plate_detect.cpp">
      <Filter>Source Files</Filter>
    </ClCompile>
    <ClCompile Include="src\core\plate_judge.cpp">
      <Filter>Source Files</Filter>
    </ClCompile>
    <ClCompile Include="src\core\plate_locate.cpp">
      <Filter>Source Files</Filter>
    </ClCompile>
    <ClCompile Include="src\core\plate_recognize.cpp">
      <Filter>Source Files</Filter>
    </ClCompile>
    <ClCompile Include="src\test\accuracy_test.cpp">
      <Filter>Source Files</Filter>
    </ClCompile>
    <ClCompile Include="src\test\test.cpp">
      <Filter>Source Files</Filter>
    </ClCompile>
    <ClCompile Include="src\train\ann_train.cpp">
      <Filter>Source Files</Filter>
    </ClCompile>
    <ClCompile Include="src\train\svm_train.cpp">
      <Filter>Source Files</Filter>
    </ClCompile>
    <ClCompile Include="src\util\CParser.cpp">
      <Filter>Source Files</Filter>
    </ClCompile>
    <ClCompile Include="src\util\deface.cpp">
      <Filter>Source Files</Filter>
    </ClCompile>
    <ClCompile Include="src\util\general_test_prepare.cpp">
      <Filter>Source Files</Filter>
    </ClCompile>
    <ClCompile Include="src\util\generate_gdts.cpp">
      <Filter>Source Files</Filter>
    </ClCompile>
    <ClCompile Include="src\util\learn_prepare.cpp">
      <Filter>Source Files</Filter>
    </ClCompile>
    <ClCompile Include="src\util\mc_data_prepare.cpp">
      <Filter>Source Files</Filter>
    </ClCompile>
    <ClCompile Include="src\util\util.cpp">
      <Filter>Source Files</Filter>
    </ClCompile>
  </ItemGroup>
  <ItemGroup>
    <ClInclude Include="src\include\chars_identify.h">
      <Filter>Header Files</Filter>
    </ClInclude>
    <ClInclude Include="src\include\chars_recognise.h">
      <Filter>Header Files</Filter>
    </ClInclude>
    <ClInclude Include="src\include\chars_segment.h">
      <Filter>Header Files</Filter>
    </ClInclude>
    <ClInclude Include="src\include\core_func.h">
      <Filter>Header Files</Filter>
    </ClInclude>
    <ClInclude Include="src\include\CParser.h">
      <Filter>Header Files</Filter>
    </ClInclude>
    <ClInclude Include="src\include\feature.h">
      <Filter>Header Files</Filter>
    </ClInclude>
    <ClInclude Include="src\include\plate.h">
      <Filter>Header Files</Filter>
    </ClInclude>
    <ClInclude Include="src\include\plate_detect.h">
      <Filter>Header Files</Filter>
    </ClInclude>
    <ClInclude Include="src\include\plate_judge.h">
      <Filter>Header Files</Filter>
    </ClInclude>
    <ClInclude Include="src\include\plate_locate.h">
      <Filter>Header Files</Filter>
    </ClInclude>
    <ClInclude Include="src\include\plate_recognize.h">
      <Filter>Header Files</Filter>
    </ClInclude>
    <ClInclude Include="src\include\prep.h">
      <Filter>Header Files</Filter>
    </ClInclude>
    <ClInclude Include="src\include\util.h">
      <Filter>Header Files</Filter>
    </ClInclude>
  </ItemGroup>
</Project>